
Microsoft Visual Studio Solution File, Format Version 12.00
# Visual Studio Version 17
VisualStudioVersion = 17.5.002.0
MinimumVisualStudioVersion = 10.0.40219.1
Project("{2150E333-8FDC-42A3-9474-1A3956D46DE8}") = "csharp-prep", "csharp-prep", "{F6866687-781D-4207-8169-CAA5CB762441}"
EndProject
Project("{9A19103F-16F7-4668-BE54-9A1E7A4F7556}") = "Prep1", "csharp-prep\Prep1\Prep1.csproj", "{D2B3683D-5AF0-4E8D-A557-248ABBBC1F20}"
EndProject
Project("{9A19103F-16F7-4668-BE54-9A1E7A4F7556}") = "Prep2", "csharp-prep\Prep2\Prep2.csproj", "{0C803F2F-5A60-4BE8-BDF1-7B1BFD54226B}"
EndProject
Project("{9A19103F-16F7-4668-BE54-9A1E7A4F7556}") = "Prep3", "csharp-prep\Prep3\Prep3.csproj", "{76C1F5A6-3705-417A-A8A2-6F46AD8BCD9C}"
EndProject
Project("{9A19103F-16F7-4668-BE54-9A1E7A4F7556}") = "Prep4", "csharp-prep\Prep4\Prep4.csproj", "{016BE9CA-685D-410E-954E-C6D3525CBE8C}"
EndProject
Project("{9A19103F-16F7-4668-BE54-9A1E7A4F7556}") = "Prep5", "csharp-prep\Prep5\Prep5.csproj", "{D8CCCD23-7F63-44DC-B298-A2D7B187215E}"
EndProject
Project("{2150E333-8FDC-42A3-9474-1A3956D46DE8}") = "final", "final", "{8E4C9598-972C-4053-B3C0-790A8DFB4B6F}"
EndProject
Project("{9A19103F-16F7-4668-BE54-9A1E7A4F7556}") = "FinalProject", "final\FinalProject\FinalProject.csproj", "{FF539D8B-0916-43A9-B624-EDD092031204}"
EndProject
Project("{9A19103F-16F7-4668-BE54-9A1E7A4F7556}") = "Foundation1", "final\Foundation1\Foundation1.csproj", "{83B40BE2-4E10-434A-B344-C6510A57D01B}"
EndProject
Project("{9A19103F-16F7-4668-BE54-9A1E7A4F7556}") = "Foundation2", "final\Foundation2\Foundation2.csproj", "{A7D80D02-4696-4F87-8986-75EBF93B94AB}"
EndProject
Project("{9A19103F-16F7-4668-BE54-9A1E7A4F7556}") = "Foundation3", "final\Foundation3\Foundation3.csproj", "{D4C768FA-5216-438E-BF63-DE97FC9CE1CE}"
EndProject
Project("{9A19103F-16F7-4668-BE54-9A1E7A4F7556}") = "Foundation4", "final\Foundation4\Foundation4.csproj", "{7887BB82-EA55-4E24-A7BB-624E2838FA06}"
EndProject
Project("{2150E333-8FDC-42A3-9474-1A3956D46DE8}") = "prepare", "prepare", "{82632F5C-C3EC-4C32-9C5C-64B921E91466}"
EndProject
Project("{9A19103F-16F7-4668-BE54-9A1E7A4F7556}") = "Learning02", "prepare\Learning02\Learning02.csproj", "{958501F2-FF24-4292-BF81-EBB1B3B80BB4}"
EndProject
Project("{9A19103F-16F7-4668-BE54-9A1E7A4F7556}") = "Learning03", "prepare\Learning03\Learning03.csproj", "{D3C0C56A-9DC4-49B9-9AB7-8E0C50DCFDFA}"
EndProject
Project("{9A19103F-16F7-4668-BE54-9A1E7A4F7556}") = "Learning04", "prepare\Learning04\Learning04.csproj", "{AD187C7A-F647-440B-8B12-160300366C72}"
EndProject
Project("{9A19103F-16F7-4668-BE54-9A1E7A4F7556}") = "Learning05", "prepare\Learning05\Learning05.csproj", "{3ADEC6CC-D8FD-48EB-9A83-B4266D82B760}"
EndProject
Project("{2150E333-8FDC-42A3-9474-1A3956D46DE8}") = "prove", "prove", "{8E88F3BC-5334-4BBE-B261-4C16232EA0ED}"
EndProject
Project("{9A19103F-16F7-4668-BE54-9A1E7A4F7556}") = "Develop02", "prove\Develop02\Develop02.csproj", "{3EF49773-DE07-419D-A6C9-E0339F6CDA6F}"
EndProject
Project("{9A19103F-16F7-4668-BE54-9A1E7A4F7556}") = "Develop03", "prove\Develop03\Develop03.csproj", "{BAC893FA-CBB0-490A-A4B2-B9DA7B2D17A9}"
EndProject
Project("{9A19103F-16F7-4668-BE54-9A1E7A4F7556}") = "Develop04", "prove\Develop04\Develop04.csproj", "{50B7EDD1-1179-4E22-9B86-D082530B7D01}"
EndProject
Project("{9A19103F-16F7-4668-BE54-9A1E7A4F7556}") = "Develop05", "prove\Develop05\Develop05.csproj", "{24221053-092E-4E51-A106-0011D3C13600}"
EndProject
Project("{2150E333-8FDC-42A3-9474-1A3956D46DE8}") = "sandbox", "sandbox", "{46FEB403-5106-4A8A-9216-DE242AEBFBB7}"
EndProject
Project("{9A19103F-16F7-4668-BE54-9A1E7A4F7556}") = "Sandbox", "sandbox\Sandbox\Sandbox.csproj", "{CAC04EE8-68A3-488D-B5A6-D4EA2A39B38D}"
EndProject
Global
	GlobalSection(SolutionConfigurationPlatforms) = preSolution
		Debug|Any CPU = Debug|Any CPU
		Release|Any CPU = Release|Any CPU
	EndGlobalSection
	GlobalSection(ProjectConfigurationPlatforms) = postSolution
		{D2B3683D-5AF0-4E8D-A557-248ABBBC1F20}.Debug|Any CPU.ActiveCfg = Debug|Any CPU
		{D2B3683D-5AF0-4E8D-A557-248ABBBC1F20}.Debug|Any CPU.Build.0 = Debug|Any CPU
		{D2B3683D-5AF0-4E8D-A557-248ABBBC1F20}.Release|Any CPU.ActiveCfg = Release|Any CPU
		{D2B3683D-5AF0-4E8D-A557-248ABBBC1F20}.Release|Any CPU.Build.0 = Release|Any CPU
		{0C803F2F-5A60-4BE8-BDF1-7B1BFD54226B}.Debug|Any CPU.ActiveCfg = Debug|Any CPU
		{0C803F2F-5A60-4BE8-BDF1-7B1BFD54226B}.Debug|Any CPU.Build.0 = Debug|Any CPU
		{0C803F2F-5A60-4BE8-BDF1-7B1BFD54226B}.Release|Any CPU.ActiveCfg = Release|Any CPU
		{0C803F2F-5A60-4BE8-BDF1-7B1BFD54226B}.Release|Any CPU.Build.0 = Release|Any CPU
		{76C1F5A6-3705-417A-A8A2-6F46AD8BCD9C}.Debug|Any CPU.ActiveCfg = Debug|Any CPU
		{76C1F5A6-3705-417A-A8A2-6F46AD8BCD9C}.Debug|Any CPU.Build.0 = Debug|Any CPU
		{76C1F5A6-3705-417A-A8A2-6F46AD8BCD9C}.Release|Any CPU.ActiveCfg = Release|Any CPU
		{76C1F5A6-3705-417A-A8A2-6F46AD8BCD9C}.Release|Any CPU.Build.0 = Release|Any CPU
		{016BE9CA-685D-410E-954E-C6D3525CBE8C}.Debug|Any CPU.ActiveCfg = Debug|Any CPU
		{016BE9CA-685D-410E-954E-C6D3525CBE8C}.Debug|Any CPU.Build.0 = Debug|Any CPU
		{016BE9CA-685D-410E-954E-C6D3525CBE8C}.Release|Any CPU.ActiveCfg = Release|Any CPU
		{016BE9CA-685D-410E-954E-C6D3525CBE8C}.Release|Any CPU.Build.0 = Release|Any CPU
		{D8CCCD23-7F63-44DC-B298-A2D7B187215E}.Debug|Any CPU.ActiveCfg = Debug|Any CPU
		{D8CCCD23-7F63-44DC-B298-A2D7B187215E}.Debug|Any CPU.Build.0 = Debug|Any CPU
		{D8CCCD23-7F63-44DC-B298-A2D7B187215E}.Release|Any CPU.ActiveCfg = Release|Any CPU
		{D8CCCD23-7F63-44DC-B298-A2D7B187215E}.Release|Any CPU.Build.0 = Release|Any CPU
		{FF539D8B-0916-43A9-B624-EDD092031204}.Debug|Any CPU.ActiveCfg = Debug|Any CPU
		{FF539D8B-0916-43A9-B624-EDD092031204}.Debug|Any CPU.Build.0 = Debug|Any CPU
		{FF539D8B-0916-43A9-B624-EDD092031204}.Release|Any CPU.ActiveCfg = Release|Any CPU
		{FF539D8B-0916-43A9-B624-EDD092031204}.Release|Any CPU.Build.0 = Release|Any CPU
		{83B40BE2-4E10-434A-B344-C6510A57D01B}.Debug|Any CPU.ActiveCfg = Debug|Any CPU
		{83B40BE2-4E10-434A-B344-C6510A57D01B}.Debug|Any CPU.Build.0 = Debug|Any CPU
		{83B40BE2-4E10-434A-B344-C6510A57D01B}.Release|Any CPU.ActiveCfg = Release|Any CPU
		{83B40BE2-4E10-434A-B344-C6510A57D01B}.Release|Any CPU.Build.0 = Release|Any CPU
		{A7D80D02-4696-4F87-8986-75EBF93B94AB}.Debug|Any CPU.ActiveCfg = Debug|Any CPU
		{A7D80D02-4696-4F87-8986-75EBF93B94AB}.Debug|Any CPU.Build.0 = Debug|Any CPU
		{A7D80D02-4696-4F87-8986-75EBF93B94AB}.Release|Any CPU.ActiveCfg = Release|Any CPU
		{A7D80D02-4696-4F87-8986-75EBF93B94AB}.Release|Any CPU.Build.0 = Release|Any CPU
		{D4C768FA-5216-438E-BF63-DE97FC9CE1CE}.Debug|Any CPU.ActiveCfg = Debug|Any CPU
		{D4C768FA-5216-438E-BF63-DE97FC9CE1CE}.Debug|Any CPU.Build.0 = Debug|Any CPU
		{D4C768FA-5216-438E-BF63-DE97FC9CE1CE}.Release|Any CPU.ActiveCfg = Release|Any CPU
		{D4C768FA-5216-438E-BF63-DE97FC9CE1CE}.Release|Any CPU.Build.0 = Release|Any CPU
		{7887BB82-EA55-4E24-A7BB-624E2838FA06}.Debug|Any CPU.ActiveCfg = Debug|Any CPU
		{7887BB82-EA55-4E24-A7BB-624E2838FA06}.Debug|Any CPU.Build.0 = Debug|Any CPU
		{7887BB82-EA55-4E24-A7BB-624E2838FA06}.Release|Any CPU.ActiveCfg = Release|Any CPU
		{7887BB82-EA55-4E24-A7BB-624E2838FA06}.Release|Any CPU.Build.0 = Release|Any CPU
		{958501F2-FF24-4292-BF81-EBB1B3B80BB4}.Debug|Any CPU.ActiveCfg = Debug|Any CPU
		{958501F2-FF24-4292-BF81-EBB1B3B80BB4}.Debug|Any CPU.Build.0 = Debug|Any CPU
		{958501F2-FF24-4292-BF81-EBB1B3B80BB4}.Release|Any CPU.ActiveCfg = Release|Any CPU
		{958501F2-FF24-4292-BF81-EBB1B3B80BB4}.Release|Any CPU.Build.0 = Release|Any CPU
		{D3C0C56A-9DC4-49B9-9AB7-8E0C50DCFDFA}.Debug|Any CPU.ActiveCfg = Debug|Any CPU
		{D3C0C56A-9DC4-49B9-9AB7-8E0C50DCFDFA}.Debug|Any CPU.Build.0 = Debug|Any CPU
		{D3C0C56A-9DC4-49B9-9AB7-8E0C50DCFDFA}.Release|Any CPU.ActiveCfg = Release|Any CPU
		{D3C0C56A-9DC4-49B9-9AB7-8E0C50DCFDFA}.Release|Any CPU.Build.0 = Release|Any CPU
		{AD187C7A-F647-440B-8B12-160300366C72}.Debug|Any CPU.ActiveCfg = Debug|Any CPU
		{AD187C7A-F647-440B-8B12-160300366C72}.Debug|Any CPU.Build.0 = Debug|Any CPU
		{AD187C7A-F647-440B-8B12-160300366C72}.Release|Any CPU.ActiveCfg = Release|Any CPU
		{AD187C7A-F647-440B-8B12-160300366C72}.Release|Any CPU.Build.0 = Release|Any CPU
		{3ADEC6CC-D8FD-48EB-9A83-B4266D82B760}.Debug|Any CPU.ActiveCfg = Debug|Any CPU
		{3ADEC6CC-D8FD-48EB-9A83-B4266D82B760}.Debug|Any CPU.Build.0 = Debug|Any CPU
		{3ADEC6CC-D8FD-48EB-9A83-B4266D82B760}.Release|Any CPU.ActiveCfg = Release|Any CPU
		{3ADEC6CC-D8FD-48EB-9A83-B4266D82B760}.Release|Any CPU.Build.0 = Release|Any CPU
		{3EF49773-DE07-419D-A6C9-E0339F6CDA6F}.Debug|Any CPU.ActiveCfg = Debug|Any CPU
		{3EF49773-DE07-419D-A6C9-E0339F6CDA6F}.Debug|Any CPU.Build.0 = Debug|Any CPU
		{3EF49773-DE07-419D-A6C9-E0339F6CDA6F}.Release|Any CPU.ActiveCfg = Release|Any CPU
		{3EF49773-DE07-419D-A6C9-E0339F6CDA6F}.Release|Any CPU.Build.0 = Release|Any CPU
		{BAC893FA-CBB0-490A-A4B2-B9DA7B2D17A9}.Debug|Any CPU.ActiveCfg = Debug|Any CPU
		{BAC893FA-CBB0-490A-A4B2-B9DA7B2D17A9}.Debug|Any CPU.Build.0 = Debug|Any CPU
		{BAC893FA-CBB0-490A-A4B2-B9DA7B2D17A9}.Release|Any CPU.ActiveCfg = Release|Any CPU
		{BAC893FA-CBB0-490A-A4B2-B9DA7B2D17A9}.Release|Any CPU.Build.0 = Release|Any CPU
		{50B7EDD1-1179-4E22-9B86-D082530B7D01}.Debug|Any CPU.ActiveCfg = Debug|Any CPU
		{50B7EDD1-1179-4E22-9B86-D082530B7D01}.Debug|Any CPU.Build.0 = Debug|Any CPU
		{50B7EDD1-1179-4E22-9B86-D082530B7D01}.Release|Any CPU.ActiveCfg = Release|Any CPU
		{50B7EDD1-1179-4E22-9B86-D082530B7D01}.Release|Any CPU.Build.0 = Release|Any CPU
		{24221053-092E-4E51-A106-0011D3C13600}.Debug|Any CPU.ActiveCfg = Debug|Any CPU
		{24221053-092E-4E51-A106-0011D3C13600}.Debug|Any CPU.Build.0 = Debug|Any CPU
		{24221053-092E-4E51-A106-0011D3C13600}.Release|Any CPU.ActiveCfg = Release|Any CPU
		{24221053-092E-4E51-A106-0011D3C13600}.Release|Any CPU.Build.0 = Release|Any CPU
		{CAC04EE8-68A3-488D-B5A6-D4EA2A39B38D}.Debug|Any CPU.ActiveCfg = Debug|Any CPU
		{CAC04EE8-68A3-488D-B5A6-D4EA2A39B38D}.Debug|Any CPU.Build.0 = Debug|Any CPU
		{CAC04EE8-68A3-488D-B5A6-D4EA2A39B38D}.Release|Any CPU.ActiveCfg = Release|Any CPU
		{CAC04EE8-68A3-488D-B5A6-D4EA2A39B38D}.Release|Any CPU.Build.0 = Release|Any CPU
	EndGlobalSection
	GlobalSection(SolutionProperties) = preSolution
		HideSolutionNode = FALSE
	EndGlobalSection
	GlobalSection(NestedProjects) = preSolution
		{D2B3683D-5AF0-4E8D-A557-248ABBBC1F20} = {F6866687-781D-4207-8169-CAA5CB762441}
		{0C803F2F-5A60-4BE8-BDF1-7B1BFD54226B} = {F6866687-781D-4207-8169-CAA5CB762441}
		{76C1F5A6-3705-417A-A8A2-6F46AD8BCD9C} = {F6866687-781D-4207-8169-CAA5CB762441}
		{016BE9CA-685D-410E-954E-C6D3525CBE8C} = {F6866687-781D-4207-8169-CAA5CB762441}
		{D8CCCD23-7F63-44DC-B298-A2D7B187215E} = {F6866687-781D-4207-8169-CAA5CB762441}
		{FF539D8B-0916-43A9-B624-EDD092031204} = {8E4C9598-972C-4053-B3C0-790A8DFB4B6F}
		{83B40BE2-4E10-434A-B344-C6510A57D01B} = {8E4C9598-972C-4053-B3C0-790A8DFB4B6F}
		{A7D80D02-4696-4F87-8986-75EBF93B94AB} = {8E4C9598-972C-4053-B3C0-790A8DFB4B6F}
		{D4C768FA-5216-438E-BF63-DE97FC9CE1CE} = {8E4C9598-972C-4053-B3C0-790A8DFB4B6F}
		{7887BB82-EA55-4E24-A7BB-624E2838FA06} = {8E4C9598-972C-4053-B3C0-790A8DFB4B6F}
		{958501F2-FF24-4292-BF81-EBB1B3B80BB4} = {82632F5C-C3EC-4C32-9C5C-64B921E91466}
		{D3C0C56A-9DC4-49B9-9AB7-8E0C50DCFDFA} = {82632F5C-C3EC-4C32-9C5C-64B921E91466}
		{AD187C7A-F647-440B-8B12-160300366C72} = {82632F5C-C3EC-4C32-9C5C-64B921E91466}
		{3ADEC6CC-D8FD-48EB-9A83-B4266D82B760} = {82632F5C-C3EC-4C32-9C5C-64B921E91466}
		{3EF49773-DE07-419D-A6C9-E0339F6CDA6F} = {8E88F3BC-5334-4BBE-B261-4C16232EA0ED}
		{BAC893FA-CBB0-490A-A4B2-B9DA7B2D17A9} = {8E88F3BC-5334-4BBE-B261-4C16232EA0ED}
		{50B7EDD1-1179-4E22-9B86-D082530B7D01} = {8E88F3BC-5334-4BBE-B261-4C16232EA0ED}
		{24221053-092E-4E51-A106-0011D3C13600} = {8E88F3BC-5334-4BBE-B261-4C16232EA0ED}
		{CAC04EE8-68A3-488D-B5A6-D4EA2A39B38D} = {46FEB403-5106-4A8A-9216-DE242AEBFBB7}
	EndGlobalSection
	GlobalSection(ExtensibilityGlobals) = postSolution
		SolutionGuid = {1B4BEA0E-2316-418A-9933-09A85C5DE411}
	EndGlobalSection
EndGlobal
